
Microsoft Visual Studio Solution File, Format Version 12.00
# Visual Studio Version 17
VisualStudioVersion = 17.4.33110.190
MinimumVisualStudioVersion = 10.0.40219.1
Project("{FAE04EC0-301F-11D3-BF4B-00C04F79EFBC}") = "Rhythm.Patterns", "Rhythm.Patterns\Rhythm.Patterns.csproj", "{C6FA54BD-3F84-4F53-8502-FD2CE7A10E00}"
EndProject
Project("{FAE04EC0-301F-11D3-BF4B-00C04F79EFBC}") = "Rhythm.Patterns.Tests", "Rhythm.Patterns.Tests\Rhythm.Patterns.Tests.csproj", "{ED5BE875-AA0E-4F45-A13E-FC5A9C6B25F3}"
EndProject
Global
	GlobalSection(SolutionConfigurationPlatforms) = preSolution
		Debug|Any CPU = Debug|Any CPU
		Release|Any CPU = Release|Any CPU
	EndGlobalSection
	GlobalSection(ProjectConfigurationPlatforms) = postSolution
		{C6FA54BD-3F84-4F53-8502-FD2CE7A10E00}.Debug|Any CPU.ActiveCfg = Debug|Any CPU
		{C6FA54BD-3F84-4F53-8502-FD2CE7A10E00}.Debug|Any CPU.Build.0 = Debug|Any CPU
		{C6FA54BD-3F84-4F53-8502-FD2CE7A10E00}.Release|Any CPU.ActiveCfg = Release|Any CPU
		{C6FA54BD-3F84-4F53-8502-FD2CE7A10E00}.Release|Any CPU.Build.0 = Release|Any CPU
		{ED5BE875-AA0E-4F45-A13E-FC5A9C6B25F3}.Debug|Any CPU.ActiveCfg = Debug|Any CPU
		{ED5BE875-AA0E-4F45-A13E-FC5A9C6B25F3}.Debug|Any CPU.Build.0 = Debug|Any CPU
		{ED5BE875-AA0E-4F45-A13E-FC5A9C6B25F3}.Release|Any CPU.ActiveCfg = Release|Any CPU
		{ED5BE875-AA0E-4F45-A13E-FC5A9C6B25F3}.Release|Any CPU.Build.0 = Release|Any CPU
	EndGlobalSection
	GlobalSection(SolutionProperties) = preSolution
		HideSolutionNode = FALSE
	EndGlobalSection
	GlobalSection(ExtensibilityGlobals) = postSolution
		SolutionGuid = {89DD8A1E-3B6E-4D89-9444-4550E30C2221}
	EndGlobalSection
EndGlobal
